
Microsoft Visual Studio Solution File, Format Version 12.00
# Visual Studio Version 17
VisualStudioVersion = 17.0.31903.59
MinimumVisualStudioVersion = 10.0.40219.1
Project("{FAE04EC0-301F-11D3-BF4B-00C04F79EFBC}") = "Easy Setup", "Easy Setup\Easy Setup.csproj", "{C8BB9155-AE19-4DF6-943F-34A865395895}"
EndProject
Global
	GlobalSection(SolutionConfigurationPlatforms) = preSolution
		Debug|Any CPU = Debug|Any CPU
		Release|Any CPU = Release|Any CPU
	EndGlobalSection
	GlobalSection(ProjectConfigurationPlatforms) = postSolution
		{C8BB9155-AE19-4DF6-943F-34A865395895}.Debug|Any CPU.ActiveCfg = Debug|Any CPU
		{C8BB9155-AE19-4DF6-943F-34A865395895}.Debug|Any CPU.Build.0 = Debug|Any CPU
		{C8BB9155-AE19-4DF6-943F-34A865395895}.Release|Any CPU.ActiveCfg = Release|Any CPU
		{C8BB9155-AE19-4DF6-943F-34A865395895}.Release|Any CPU.Build.0 = Release|Any CPU
	EndGlobalSection
	GlobalSection(SolutionProperties) = preSolution
		HideSolutionNode = FALSE
	EndGlobalSection
	GlobalSection(ExtensibilityGlobals) = postSolution
		SolutionGuid = {F64BF8CE-E857-412F-A895-4DEF53BBBA17}
	EndGlobalSection
EndGlobal
